
Microsoft Visual Studio Solution File, Format Version 12.00
# Visual Studio 15
VisualStudioVersion = 15.0.28307.168
MinimumVisualStudioVersion = 10.0.40219.1
Project("{FAE04EC0-301F-11D3-BF4B-00C04F79EFBC}") = "BullSheepFood", "BullSheepFood\BullSheepFood.csproj", "{DF4FE46E-DDC0-4B73-B1F1-290092B6717B}"
EndProject
Project("{FAE04EC0-301F-11D3-BF4B-00C04F79EFBC}") = "BullSheepFood.Models", "..\BullSheepFood.Models\BullSheepFood.Models.csproj", "{8CA346E6-3401-4FC0-9928-50F8DA842694}"
EndProject
Global
	GlobalSection(SolutionConfigurationPlatforms) = preSolution
		Debug|Any CPU = Debug|Any CPU
		Release|Any CPU = Release|Any CPU
	EndGlobalSection
	GlobalSection(ProjectConfigurationPlatforms) = postSolution
		{DF4FE46E-DDC0-4B73-B1F1-290092B6717B}.Debug|Any CPU.ActiveCfg = Debug|Any CPU
		{DF4FE46E-DDC0-4B73-B1F1-290092B6717B}.Debug|Any CPU.Build.0 = Debug|Any CPU
		{DF4FE46E-DDC0-4B73-B1F1-290092B6717B}.Release|Any CPU.ActiveCfg = Release|Any CPU
		{DF4FE46E-DDC0-4B73-B1F1-290092B6717B}.Release|Any CPU.Build.0 = Release|Any CPU
		{8CA346E6-3401-4FC0-9928-50F8DA842694}.Debug|Any CPU.ActiveCfg = Debug|Any CPU
		{8CA346E6-3401-4FC0-9928-50F8DA842694}.Debug|Any CPU.Build.0 = Debug|Any CPU
		{8CA346E6-3401-4FC0-9928-50F8DA842694}.Release|Any CPU.ActiveCfg = Release|Any CPU
		{8CA346E6-3401-4FC0-9928-50F8DA842694}.Release|Any CPU.Build.0 = Release|Any CPU
	EndGlobalSection
	GlobalSection(SolutionProperties) = preSolution
		HideSolutionNode = FALSE
	EndGlobalSection
	GlobalSection(ExtensibilityGlobals) = postSolution
		SolutionGuid = {AF833AEA-CB1A-4C14-BEC5-B47514FD8291}
	EndGlobalSection
EndGlobal
